
Microsoft Visual Studio Solution File, Format Version 12.00
# Visual Studio Version 17
VisualStudioVersion = 17.12.35527.113 d17.12
MinimumVisualStudioVersion = 10.0.40219.1
Project("{FAE04EC0-301F-11D3-BF4B-00C04F79EFBC}") = "OrderManagementSystem.API", "OrderManagementSystem.API\OrderManagementSystem.API.csproj", "{748A0996-BA55-4C38-8895-6369941DD553}"
EndProject
Project("{FAE04EC0-301F-11D3-BF4B-00C04F79EFBC}") = "OrderManagementSystem.DataAccess", "OrderManagementSystem.DataAccess\OrderManagementSystem.DataAccess.csproj", "{2A18437D-ED20-4FC2-8CFD-F61D52E971C0}"
EndProject
Project("{FAE04EC0-301F-11D3-BF4B-00C04F79EFBC}") = "OrderManagementSystem.Entity", "OrderManagementSystem.Entity\OrderManagementSystem.Entity.csproj", "{04E35079-0467-41EE-9D7D-392DF41A1148}"
EndProject
Global
	GlobalSection(SolutionConfigurationPlatforms) = preSolution
		Debug|Any CPU = Debug|Any CPU
		Release|Any CPU = Release|Any CPU
	EndGlobalSection
	GlobalSection(ProjectConfigurationPlatforms) = postSolution
		{748A0996-BA55-4C38-8895-6369941DD553}.Debug|Any CPU.ActiveCfg = Debug|Any CPU
		{748A0996-BA55-4C38-8895-6369941DD553}.Debug|Any CPU.Build.0 = Debug|Any CPU
		{748A0996-BA55-4C38-8895-6369941DD553}.Release|Any CPU.ActiveCfg = Release|Any CPU
		{748A0996-BA55-4C38-8895-6369941DD553}.Release|Any CPU.Build.0 = Release|Any CPU
		{2A18437D-ED20-4FC2-8CFD-F61D52E971C0}.Debug|Any CPU.ActiveCfg = Debug|Any CPU
		{2A18437D-ED20-4FC2-8CFD-F61D52E971C0}.Debug|Any CPU.Build.0 = Debug|Any CPU
		{2A18437D-ED20-4FC2-8CFD-F61D52E971C0}.Release|Any CPU.ActiveCfg = Release|Any CPU
		{2A18437D-ED20-4FC2-8CFD-F61D52E971C0}.Release|Any CPU.Build.0 = Release|Any CPU
		{04E35079-0467-41EE-9D7D-392DF41A1148}.Debug|Any CPU.ActiveCfg = Debug|Any CPU
		{04E35079-0467-41EE-9D7D-392DF41A1148}.Debug|Any CPU.Build.0 = Debug|Any CPU
		{04E35079-0467-41EE-9D7D-392DF41A1148}.Release|Any CPU.ActiveCfg = Release|Any CPU
		{04E35079-0467-41EE-9D7D-392DF41A1148}.Release|Any CPU.Build.0 = Release|Any CPU
	EndGlobalSection
	GlobalSection(SolutionProperties) = preSolution
		HideSolutionNode = FALSE
	EndGlobalSection
EndGlobal
